
Microsoft Visual Studio Solution File, Format Version 12.00
Project("{FAE04EC0-301F-11D3-BF4B-00C04F79EFBC}") = "GitecOps.Core", "GitecOps.Core\GitecOps.Core.csproj", "{72E5C1EB-24B9-4153-81C6-84455369B442}"
EndProject
Project("{FAE04EC0-301F-11D3-BF4B-00C04F79EFBC}") = "GitecOps.Util", "GitecOps.Util\GitecOps.Util.csproj", "{D77D677A-6FE6-4D25-AC73-0202B637629E}"
EndProject
Global
	GlobalSection(SolutionConfigurationPlatforms) = preSolution
		Debug|Any CPU = Debug|Any CPU
		Release|Any CPU = Release|Any CPU
	EndGlobalSection
	GlobalSection(ProjectConfigurationPlatforms) = postSolution
		{72E5C1EB-24B9-4153-81C6-84455369B442}.Debug|Any CPU.ActiveCfg = Debug|Any CPU
		{72E5C1EB-24B9-4153-81C6-84455369B442}.Debug|Any CPU.Build.0 = Debug|Any CPU
		{72E5C1EB-24B9-4153-81C6-84455369B442}.Release|Any CPU.ActiveCfg = Release|Any CPU
		{72E5C1EB-24B9-4153-81C6-84455369B442}.Release|Any CPU.Build.0 = Release|Any CPU
		{D77D677A-6FE6-4D25-AC73-0202B637629E}.Debug|Any CPU.ActiveCfg = Debug|Any CPU
		{D77D677A-6FE6-4D25-AC73-0202B637629E}.Debug|Any CPU.Build.0 = Debug|Any CPU
		{D77D677A-6FE6-4D25-AC73-0202B637629E}.Release|Any CPU.ActiveCfg = Release|Any CPU
		{D77D677A-6FE6-4D25-AC73-0202B637629E}.Release|Any CPU.Build.0 = Release|Any CPU
	EndGlobalSection
EndGlobal
